
Microsoft Visual Studio Solution File, Format Version 12.00
# Visual Studio Version 17
VisualStudioVersion = 17.0.31903.59
MinimumVisualStudioVersion = 10.0.40219.1
Project("{2150E333-8FDC-42A3-9474-1A3956D46DE8}") = "src", "src", "{CC75E157-4E17-47E6-B1A8-1E3DABD2436D}"
EndProject
Project("{FAE04EC0-301F-11D3-BF4B-00C04F79EFBC}") = "wshcmx", "src\wshcmx\wshcmx.csproj", "{25BDC883-51DD-478F-855B-3CBEC2D8F3AF}"
EndProject
Project("{FAE04EC0-301F-11D3-BF4B-00C04F79EFBC}") = "Internals", "src\Internals\Internals.csproj", "{E72B7D54-AB00-4765-9EF4-3E9D84EC40E5}"
EndProject
Project("{FAE04EC0-301F-11D3-BF4B-00C04F79EFBC}") = "Test", "src\Test\Test.csproj", "{C764E16F-5156-441C-922C-A52F2AA52692}"
EndProject
Project("{FAE04EC0-301F-11D3-BF4B-00C04F79EFBC}") = "PseudoDatex", "src\PseudoDatex\PseudoDatex.csproj", "{A15FF5AD-29CF-43E5-8824-110FD22140E1}"
EndProject
Global
	GlobalSection(SolutionConfigurationPlatforms) = preSolution
		Debug|Any CPU = Debug|Any CPU
		Debug|x64 = Debug|x64
		Debug|x86 = Debug|x86
		Release|Any CPU = Release|Any CPU
		Release|x64 = Release|x64
		Release|x86 = Release|x86
	EndGlobalSection
	GlobalSection(ProjectConfigurationPlatforms) = postSolution
		{25BDC883-51DD-478F-855B-3CBEC2D8F3AF}.Debug|Any CPU.ActiveCfg = Debug|Any CPU
		{25BDC883-51DD-478F-855B-3CBEC2D8F3AF}.Debug|Any CPU.Build.0 = Debug|Any CPU
		{25BDC883-51DD-478F-855B-3CBEC2D8F3AF}.Debug|x64.ActiveCfg = Debug|Any CPU
		{25BDC883-51DD-478F-855B-3CBEC2D8F3AF}.Debug|x64.Build.0 = Debug|Any CPU
		{25BDC883-51DD-478F-855B-3CBEC2D8F3AF}.Debug|x86.ActiveCfg = Debug|Any CPU
		{25BDC883-51DD-478F-855B-3CBEC2D8F3AF}.Debug|x86.Build.0 = Debug|Any CPU
		{25BDC883-51DD-478F-855B-3CBEC2D8F3AF}.Release|Any CPU.ActiveCfg = Release|Any CPU
		{25BDC883-51DD-478F-855B-3CBEC2D8F3AF}.Release|Any CPU.Build.0 = Release|Any CPU
		{25BDC883-51DD-478F-855B-3CBEC2D8F3AF}.Release|x64.ActiveCfg = Release|Any CPU
		{25BDC883-51DD-478F-855B-3CBEC2D8F3AF}.Release|x64.Build.0 = Release|Any CPU
		{25BDC883-51DD-478F-855B-3CBEC2D8F3AF}.Release|x86.ActiveCfg = Release|Any CPU
		{25BDC883-51DD-478F-855B-3CBEC2D8F3AF}.Release|x86.Build.0 = Release|Any CPU
		{E72B7D54-AB00-4765-9EF4-3E9D84EC40E5}.Debug|Any CPU.ActiveCfg = Debug|Any CPU
		{E72B7D54-AB00-4765-9EF4-3E9D84EC40E5}.Debug|Any CPU.Build.0 = Debug|Any CPU
		{E72B7D54-AB00-4765-9EF4-3E9D84EC40E5}.Debug|x64.ActiveCfg = Debug|Any CPU
		{E72B7D54-AB00-4765-9EF4-3E9D84EC40E5}.Debug|x64.Build.0 = Debug|Any CPU
		{E72B7D54-AB00-4765-9EF4-3E9D84EC40E5}.Debug|x86.ActiveCfg = Debug|Any CPU
		{E72B7D54-AB00-4765-9EF4-3E9D84EC40E5}.Debug|x86.Build.0 = Debug|Any CPU
		{E72B7D54-AB00-4765-9EF4-3E9D84EC40E5}.Release|Any CPU.ActiveCfg = Release|Any CPU
		{E72B7D54-AB00-4765-9EF4-3E9D84EC40E5}.Release|Any CPU.Build.0 = Release|Any CPU
		{E72B7D54-AB00-4765-9EF4-3E9D84EC40E5}.Release|x64.ActiveCfg = Release|Any CPU
		{E72B7D54-AB00-4765-9EF4-3E9D84EC40E5}.Release|x64.Build.0 = Release|Any CPU
		{E72B7D54-AB00-4765-9EF4-3E9D84EC40E5}.Release|x86.ActiveCfg = Release|Any CPU
		{E72B7D54-AB00-4765-9EF4-3E9D84EC40E5}.Release|x86.Build.0 = Release|Any CPU
		{C764E16F-5156-441C-922C-A52F2AA52692}.Debug|Any CPU.ActiveCfg = Debug|Any CPU
		{C764E16F-5156-441C-922C-A52F2AA52692}.Debug|Any CPU.Build.0 = Debug|Any CPU
		{C764E16F-5156-441C-922C-A52F2AA52692}.Debug|x64.ActiveCfg = Debug|Any CPU
		{C764E16F-5156-441C-922C-A52F2AA52692}.Debug|x64.Build.0 = Debug|Any CPU
		{C764E16F-5156-441C-922C-A52F2AA52692}.Debug|x86.ActiveCfg = Debug|Any CPU
		{C764E16F-5156-441C-922C-A52F2AA52692}.Debug|x86.Build.0 = Debug|Any CPU
		{C764E16F-5156-441C-922C-A52F2AA52692}.Release|Any CPU.ActiveCfg = Release|Any CPU
		{C764E16F-5156-441C-922C-A52F2AA52692}.Release|Any CPU.Build.0 = Release|Any CPU
		{C764E16F-5156-441C-922C-A52F2AA52692}.Release|x64.ActiveCfg = Release|Any CPU
		{C764E16F-5156-441C-922C-A52F2AA52692}.Release|x64.Build.0 = Release|Any CPU
		{C764E16F-5156-441C-922C-A52F2AA52692}.Release|x86.ActiveCfg = Release|Any CPU
		{C764E16F-5156-441C-922C-A52F2AA52692}.Release|x86.Build.0 = Release|Any CPU
		{A15FF5AD-29CF-43E5-8824-110FD22140E1}.Debug|Any CPU.ActiveCfg = Debug|Any CPU
		{A15FF5AD-29CF-43E5-8824-110FD22140E1}.Debug|Any CPU.Build.0 = Debug|Any CPU
		{A15FF5AD-29CF-43E5-8824-110FD22140E1}.Debug|x64.ActiveCfg = Debug|Any CPU
		{A15FF5AD-29CF-43E5-8824-110FD22140E1}.Debug|x64.Build.0 = Debug|Any CPU
		{A15FF5AD-29CF-43E5-8824-110FD22140E1}.Debug|x86.ActiveCfg = Debug|Any CPU
		{A15FF5AD-29CF-43E5-8824-110FD22140E1}.Debug|x86.Build.0 = Debug|Any CPU
		{A15FF5AD-29CF-43E5-8824-110FD22140E1}.Release|Any CPU.ActiveCfg = Release|Any CPU
		{A15FF5AD-29CF-43E5-8824-110FD22140E1}.Release|Any CPU.Build.0 = Release|Any CPU
		{A15FF5AD-29CF-43E5-8824-110FD22140E1}.Release|x64.ActiveCfg = Release|Any CPU
		{A15FF5AD-29CF-43E5-8824-110FD22140E1}.Release|x64.Build.0 = Release|Any CPU
		{A15FF5AD-29CF-43E5-8824-110FD22140E1}.Release|x86.ActiveCfg = Release|Any CPU
		{A15FF5AD-29CF-43E5-8824-110FD22140E1}.Release|x86.Build.0 = Release|Any CPU
	EndGlobalSection
	GlobalSection(SolutionProperties) = preSolution
		HideSolutionNode = FALSE
	EndGlobalSection
	GlobalSection(NestedProjects) = preSolution
		{25BDC883-51DD-478F-855B-3CBEC2D8F3AF} = {CC75E157-4E17-47E6-B1A8-1E3DABD2436D}
		{E72B7D54-AB00-4765-9EF4-3E9D84EC40E5} = {CC75E157-4E17-47E6-B1A8-1E3DABD2436D}
		{C764E16F-5156-441C-922C-A52F2AA52692} = {CC75E157-4E17-47E6-B1A8-1E3DABD2436D}
		{A15FF5AD-29CF-43E5-8824-110FD22140E1} = {CC75E157-4E17-47E6-B1A8-1E3DABD2436D}
	EndGlobalSection
EndGlobal
